// !$*UTF8*$!
{
	archiveVersion = 1;
	classes = {
	};
	objectVersion = 52;
	objects = {

/* Begin PBXBuildFile section */
		850AAE5F2322CF7100DBFD93 /* UITools.swift in Sources */ = {isa = PBXBuildFile; fileRef = 850AAE5E2322CF7100DBFD93 /* UITools.swift */; };
		850AAE612322D78400DBFD93 /* UIGlobals.swift in Sources */ = {isa = PBXBuildFile; fileRef = 850AAE602322D78400DBFD93 /* UIGlobals.swift */; };
		850AAEAA23271F2A00DBFD93 /* AVFoundation.framework in Frameworks */ = {isa = PBXBuildFile; fileRef = 850AAEA923271F2A00DBFD93 /* AVFoundation.framework */; };
		850AAEDE232723F400DBFD93 /* ConnectionsViewController.swift in Sources */ = {isa = PBXBuildFile; fileRef = 850AAEDD232723F400DBFD93 /* ConnectionsViewController.swift */; };
		851AE9B12385F56B001BE3FB /* SwiftUITools.swift in Sources */ = {isa = PBXBuildFile; fileRef = 851AE9B02385F56B001BE3FB /* SwiftUITools.swift */; };
		851AE9B323874353001BE3FB /* ResetBoutUIView.swift in Sources */ = {isa = PBXBuildFile; fileRef = 851AE9B223874353001BE3FB /* ResetBoutUIView.swift */; };
		851AE9B523874393001BE3FB /* CommonComponentsSwiftUIView.swift in Sources */ = {isa = PBXBuildFile; fileRef = 851AE9B423874393001BE3FB /* CommonComponentsSwiftUIView.swift */; };
		851AE9B723874465001BE3FB /* PauseSettersSwiftUIView.swift in Sources */ = {isa = PBXBuildFile; fileRef = 851AE9B623874465001BE3FB /* PauseSettersSwiftUIView.swift */; };
		851AE9B923875B0C001BE3FB /* VerticalSeletorSwiftUIView.swift in Sources */ = {isa = PBXBuildFile; fileRef = 851AE9B823875B0C001BE3FB /* VerticalSeletorSwiftUIView.swift */; };
		851AE9BB23875FA4001BE3FB /* SegmentedPickerElementView.swift in Sources */ = {isa = PBXBuildFile; fileRef = 851AE9BA23875FA4001BE3FB /* SegmentedPickerElementView.swift */; };
		851AE9BD23876424001BE3FB /* DraggableCircle.swift in Sources */ = {isa = PBXBuildFile; fileRef = 851AE9BC23876424001BE3FB /* DraggableCircle.swift */; };
		851AE9BF23892D71001BE3FB /* CommonViewController.swift in Sources */ = {isa = PBXBuildFile; fileRef = 851AE9BE23892D71001BE3FB /* CommonViewController.swift */; };
		851AE9C1238932C2001BE3FB /* RcSwiftUIView.swift in Sources */ = {isa = PBXBuildFile; fileRef = 851AE9C0238932C2001BE3FB /* RcSwiftUIView.swift */; };
		851AE9C323893D06001BE3FB /* CardsSwiftUIView.swift in Sources */ = {isa = PBXBuildFile; fileRef = 851AE9C223893D06001BE3FB /* CardsSwiftUIView.swift */; };
		851AE9C52389D4FE001BE3FB /* PrioritySwiftUIView.swift in Sources */ = {isa = PBXBuildFile; fileRef = 851AE9C42389D4FE001BE3FB /* PrioritySwiftUIView.swift */; };
		851AE9C72389DC7B001BE3FB /* SettingsSwiftUIView.swift in Sources */ = {isa = PBXBuildFile; fileRef = 851AE9C62389DC7B001BE3FB /* SettingsSwiftUIView.swift */; };
		851AE9C92389DF3B001BE3FB /* DisconnectSwiftUIView.swift in Sources */ = {isa = PBXBuildFile; fileRef = 851AE9C82389DF3B001BE3FB /* DisconnectSwiftUIView.swift */; };
		851AE9CB2389E388001BE3FB /* VideoReplaysSwiftUIView.swift in Sources */ = {isa = PBXBuildFile; fileRef = 851AE9CA2389E388001BE3FB /* VideoReplaysSwiftUIView.swift */; };
		851AE9CD2389E452001BE3FB /* NamesSettingsSwiftUIView.swift in Sources */ = {isa = PBXBuildFile; fileRef = 851AE9CC2389E452001BE3FB /* NamesSettingsSwiftUIView.swift */; };
		851AE9CF2389E4F2001BE3FB /* WeaponsSwiftUIView.swift in Sources */ = {isa = PBXBuildFile; fileRef = 851AE9CE2389E4F2001BE3FB /* WeaponsSwiftUIView.swift */; };
		851AE9D12389ECE5001BE3FB /* ScoreSwiftUIView.swift in Sources */ = {isa = PBXBuildFile; fileRef = 851AE9D02389ECE5001BE3FB /* ScoreSwiftUIView.swift */; };
		85584AE3239ED5A2006EC133 /* RcViewModels.swift in Sources */ = {isa = PBXBuildFile; fileRef = 85584AE2239ED5A2006EC133 /* RcViewModels.swift */; };
		85A99339230B47A4003FC5BE /* Inspiration.storyboard in Resources */ = {isa = PBXBuildFile; fileRef = 85A99338230B47A4003FC5BE /* Inspiration.storyboard */; };
		85A9934A23109CB7003FC5BE /* RcViewController.swift in Sources */ = {isa = PBXBuildFile; fileRef = 85A9934923109CB7003FC5BE /* RcViewController.swift */; };
		85B661F7239327920016CE4F /* KeyboardGuardianSwiftUI.swift in Sources */ = {isa = PBXBuildFile; fileRef = 85B661F6239327920016CE4F /* KeyboardGuardianSwiftUI.swift */; };
		85B661F9239327F10016CE4F /* TestKeabordGuardianSwiftUIView.swift in Sources */ = {isa = PBXBuildFile; fileRef = 85B661F8239327F10016CE4F /* TestKeabordGuardianSwiftUIView.swift */; };
		85B956FA237A0FA50063E32C /* PointsSwiftUIView.swift in Sources */ = {isa = PBXBuildFile; fileRef = 85B956F9237A0FA50063E32C /* PointsSwiftUIView.swift */; };
		85B956FE237A2CA70063E32C /* HoldPassiveButton.swift in Sources */ = {isa = PBXBuildFile; fileRef = 85B956FD237A2CA70063E32C /* HoldPassiveButton.swift */; };
		85B95700237A31DF0063E32C /* VideoButton.swift in Sources */ = {isa = PBXBuildFile; fileRef = 85B956FF237A31DF0063E32C /* VideoButton.swift */; };
		85B95702237A363A0063E32C /* PointsStepper.swift in Sources */ = {isa = PBXBuildFile; fileRef = 85B95701237A363A0063E32C /* PointsStepper.swift */; };
		85B95704237B608C0063E32C /* FightTabsSelectorsUIView.swift in Sources */ = {isa = PBXBuildFile; fileRef = 85B95703237B608C0063E32C /* FightTabsSelectorsUIView.swift */; };
		85B95706237E06C50063E32C /* TimersSwiftUIView.swift in Sources */ = {isa = PBXBuildFile; fileRef = 85B95705237E06C50063E32C /* TimersSwiftUIView.swift */; };
		85B95708237E07130063E32C /* FightSectionSwiftUIView.swift in Sources */ = {isa = PBXBuildFile; fileRef = 85B95707237E07130063E32C /* FightSectionSwiftUIView.swift */; };
		85D6E91D2390089E00CBE74D /* SetPeriodButtonSwiftUIView.swift in Sources */ = {isa = PBXBuildFile; fileRef = 85D6E91C2390089E00CBE74D /* SetPeriodButtonSwiftUIView.swift */; };
		85D6E91F23900D4900CBE74D /* SetTimeButtonSwiftUIView.swift in Sources */ = {isa = PBXBuildFile; fileRef = 85D6E91E23900D4900CBE74D /* SetTimeButtonSwiftUIView.swift */; };
		85D6E9212390716D00CBE74D /* SetPassiveButtonSwiftUIView.swift in Sources */ = {isa = PBXBuildFile; fileRef = 85D6E9202390716D00CBE74D /* SetPassiveButtonSwiftUIView.swift */; };
		85D6E9252393049500CBE74D /* TestTimersSwiftUIView.swift in Sources */ = {isa = PBXBuildFile; fileRef = 85D6E9242393049500CBE74D /* TestTimersSwiftUIView.swift */; };
		8F07A75123892F4800C7F783 /* Localizable.strings in Resources */ = {isa = PBXBuildFile; fileRef = 8F07A75323892F4800C7F783 /* Localizable.strings */; };
		8F6D773D237D2C530077B65D /* RemoteService.swift in Sources */ = {isa = PBXBuildFile; fileRef = 8F6D773C237D2C530077B65D /* RemoteService.swift */; };
		8FD7CB962392C030003DF83B /* Vibration.swift in Sources */ = {isa = PBXBuildFile; fileRef = 8FD7CB952392C030003DF83B /* Vibration.swift */; };
		8FE69D5423398B6200E3B539 /* QRCodeReader in Frameworks */ = {isa = PBXBuildFile; productRef = 8FE69D5323398B6200E3B539 /* QRCodeReader */; };
		8FFBF9E22336BD4000736BB7 /* Sm02Client in Frameworks */ = {isa = PBXBuildFile; productRef = 8FFBF9E12336BD4000736BB7 /* Sm02Client */; };
		8FFBF9E42336CA6F00736BB7 /* RemoteAddress+UrlParsing.swift in Sources */ = {isa = PBXBuildFile; fileRef = 8FFBF9E32336CA6F00736BB7 /* RemoteAddress+UrlParsing.swift */; };
		B97043C723E099C1003F4F47 /* Published.Publisher+on.swift in Sources */ = {isa = PBXBuildFile; fileRef = B97043C623E099C1003F4F47 /* Published.Publisher+on.swift */; };
		B9C8BEDE2305A2C5004DBBF8 /* AppDelegate.swift in Sources */ = {isa = PBXBuildFile; fileRef = B9C8BEDD2305A2C5004DBBF8 /* AppDelegate.swift */; };
		B9C8BEE02305A2C5004DBBF8 /* QrViewController.swift in Sources */ = {isa = PBXBuildFile; fileRef = B9C8BEDF2305A2C5004DBBF8 /* QrViewController.swift */; };
		B9C8BEE32305A2C6004DBBF8 /* QRConnect.storyboard in Resources */ = {isa = PBXBuildFile; fileRef = B9C8BEE12305A2C6004DBBF8 /* QRConnect.storyboard */; };
		B9C8BEE52305A2C7004DBBF8 /* Assets.xcassets in Resources */ = {isa = PBXBuildFile; fileRef = B9C8BEE42305A2C7004DBBF8 /* Assets.xcassets */; };
		B9C8BEE82305A2C7004DBBF8 /* LaunchScreen.storyboard in Resources */ = {isa = PBXBuildFile; fileRef = B9C8BEE62305A2C7004DBBF8 /* LaunchScreen.storyboard */; };
		B9C8BEF32305A2C7004DBBF8 /* RemoteControlTests.swift in Sources */ = {isa = PBXBuildFile; fileRef = B9C8BEF22305A2C7004DBBF8 /* RemoteControlTests.swift */; };
		B9C8BEFE2305A2C7004DBBF8 /* RemoteControlUITests.swift in Sources */ = {isa = PBXBuildFile; fileRef = B9C8BEFD2305A2C7004DBBF8 /* RemoteControlUITests.swift */; };
/* End PBXBuildFile section */

/* Begin PBXContainerItemProxy section */
		B9C8BEEF2305A2C7004DBBF8 /* PBXContainerItemProxy */ = {
			isa = PBXContainerItemProxy;
			containerPortal = B9C8BED22305A2C5004DBBF8 /* Project object */;
			proxyType = 1;
			remoteGlobalIDString = B9C8BED92305A2C5004DBBF8;
			remoteInfo = RemoteControl;
		};
		B9C8BEFA2305A2C7004DBBF8 /* PBXContainerItemProxy */ = {
			isa = PBXContainerItemProxy;
			containerPortal = B9C8BED22305A2C5004DBBF8 /* Project object */;
			proxyType = 1;
			remoteGlobalIDString = B9C8BED92305A2C5004DBBF8;
			remoteInfo = RemoteControl;
		};
/* End PBXContainerItemProxy section */

/* Begin PBXFileReference section */
		850143B52382120800B63867 /* SwiftUITools.swift */ = {isa = PBXFileReference; lastKnownFileType = sourcecode.swift; path = SwiftUITools.swift; sourceTree = "<group>"; };
		850AAE5E2322CF7100DBFD93 /* UITools.swift */ = {isa = PBXFileReference; lastKnownFileType = sourcecode.swift; path = UITools.swift; sourceTree = "<group>"; };
		850AAE602322D78400DBFD93 /* UIGlobals.swift */ = {isa = PBXFileReference; lastKnownFileType = sourcecode.swift; path = UIGlobals.swift; sourceTree = "<group>"; };
		850AAE6A23270CBC00DBFD93 /* ru */ = {isa = PBXFileReference; lastKnownFileType = text.plist.strings; name = ru; path = ru.lproj/LaunchScreen.strings; sourceTree = "<group>"; };
		850AAE6C23270DC900DBFD93 /* en */ = {isa = PBXFileReference; lastKnownFileType = text.plist.strings; name = en; path = en.lproj/LaunchScreen.strings; sourceTree = "<group>"; };
		850AAE7F2327194800DBFD93 /* Base */ = {isa = PBXFileReference; lastKnownFileType = text.plist.xml; name = Base; path = Base.lproj/Info.plist; sourceTree = "<group>"; };
		850AAE812327194D00DBFD93 /* ru */ = {isa = PBXFileReference; lastKnownFileType = text.plist.xml; name = ru; path = ru.lproj/Info.plist; sourceTree = "<group>"; };
		850AAEA923271F2A00DBFD93 /* AVFoundation.framework */ = {isa = PBXFileReference; lastKnownFileType = wrapper.framework; name = AVFoundation.framework; path = System/Library/Frameworks/AVFoundation.framework; sourceTree = SDKROOT; };
		850AAEAB23271FDE00DBFD93 /* CNIODarwin.framework */ = {isa = PBXFileReference; lastKnownFileType = wrapper.framework; name = CNIODarwin.framework; path = "../../../../Library/Developer/Xcode/DerivedData/workspace-ggxzmdnwwomtqbeikrrxmfaogzqm/Build/Products/Debug-iphoneos/CNIODarwin.framework"; sourceTree = "<group>"; };
		850AAEAC23271FDE00DBFD93 /* NIOExtras.framework */ = {isa = PBXFileReference; lastKnownFileType = wrapper.framework; name = NIOExtras.framework; path = "../../../../Library/Developer/Xcode/DerivedData/workspace-ggxzmdnwwomtqbeikrrxmfaogzqm/Build/Products/Debug-iphoneos/NIOExtras.framework"; sourceTree = "<group>"; };
		850AAEAF23271FDE00DBFD93 /* CNIOSHA1.framework */ = {isa = PBXFileReference; lastKnownFileType = wrapper.framework; name = CNIOSHA1.framework; path = "../../../../Library/Developer/Xcode/DerivedData/workspace-ggxzmdnwwomtqbeikrrxmfaogzqm/Build/Products/Debug-iphoneos/CNIOSHA1.framework"; sourceTree = "<group>"; };
		850AAEB023271FDE00DBFD93 /* NIO.framework */ = {isa = PBXFileReference; lastKnownFileType = wrapper.framework; name = NIO.framework; path = "../../../../Library/Developer/Xcode/DerivedData/workspace-ggxzmdnwwomtqbeikrrxmfaogzqm/Build/Products/Debug-iphoneos/NIO.framework"; sourceTree = "<group>"; };
		850AAEB123271FDE00DBFD93 /* NIOTestUtils.framework */ = {isa = PBXFileReference; lastKnownFileType = wrapper.framework; name = NIOTestUtils.framework; path = "../../../../Library/Developer/Xcode/DerivedData/workspace-ggxzmdnwwomtqbeikrrxmfaogzqm/Build/Products/Debug-iphoneos/NIOTestUtils.framework"; sourceTree = "<group>"; };
		850AAEB223271FDE00DBFD93 /* CNIOAtomics.framework */ = {isa = PBXFileReference; lastKnownFileType = wrapper.framework; name = CNIOAtomics.framework; path = "../../../../Library/Developer/Xcode/DerivedData/workspace-ggxzmdnwwomtqbeikrrxmfaogzqm/Build/Products/Debug-iphoneos/CNIOAtomics.framework"; sourceTree = "<group>"; };
		850AAEB323271FDF00DBFD93 /* CNIOLinux.framework */ = {isa = PBXFileReference; lastKnownFileType = wrapper.framework; name = CNIOLinux.framework; path = "../../../../Library/Developer/Xcode/DerivedData/workspace-ggxzmdnwwomtqbeikrrxmfaogzqm/Build/Products/Debug-iphoneos/CNIOLinux.framework"; sourceTree = "<group>"; };
		850AAEB423271FDF00DBFD93 /* NIOConcurrencyHelpers.framework */ = {isa = PBXFileReference; lastKnownFileType = wrapper.framework; name = NIOConcurrencyHelpers.framework; path = "../../../../Library/Developer/Xcode/DerivedData/workspace-ggxzmdnwwomtqbeikrrxmfaogzqm/Build/Products/Debug-iphoneos/NIOConcurrencyHelpers.framework"; sourceTree = "<group>"; };
		850AAEDD232723F400DBFD93 /* ConnectionsViewController.swift */ = {isa = PBXFileReference; lastKnownFileType = sourcecode.swift; path = ConnectionsViewController.swift; sourceTree = "<group>"; };
		851AE9B02385F56B001BE3FB /* SwiftUITools.swift */ = {isa = PBXFileReference; fileEncoding = 4; lastKnownFileType = sourcecode.swift; name = SwiftUITools.swift; path = "RemoteControl/UI Helpers/SwiftUITools.swift"; sourceTree = "<group>"; };
		851AE9B223874353001BE3FB /* ResetBoutUIView.swift */ = {isa = PBXFileReference; lastKnownFileType = sourcecode.swift; path = ResetBoutUIView.swift; sourceTree = "<group>"; };
		851AE9B423874393001BE3FB /* CommonComponentsSwiftUIView.swift */ = {isa = PBXFileReference; lastKnownFileType = sourcecode.swift; path = CommonComponentsSwiftUIView.swift; sourceTree = "<group>"; };
		851AE9B623874465001BE3FB /* PauseSettersSwiftUIView.swift */ = {isa = PBXFileReference; lastKnownFileType = sourcecode.swift; path = PauseSettersSwiftUIView.swift; sourceTree = "<group>"; };
		851AE9B823875B0C001BE3FB /* VerticalSeletorSwiftUIView.swift */ = {isa = PBXFileReference; lastKnownFileType = sourcecode.swift; path = VerticalSeletorSwiftUIView.swift; sourceTree = "<group>"; };
		851AE9BA23875FA4001BE3FB /* SegmentedPickerElementView.swift */ = {isa = PBXFileReference; lastKnownFileType = sourcecode.swift; path = SegmentedPickerElementView.swift; sourceTree = "<group>"; };
		851AE9BC23876424001BE3FB /* DraggableCircle.swift */ = {isa = PBXFileReference; lastKnownFileType = sourcecode.swift; path = DraggableCircle.swift; sourceTree = "<group>"; };
		851AE9BE23892D71001BE3FB /* CommonViewController.swift */ = {isa = PBXFileReference; lastKnownFileType = sourcecode.swift; path = CommonViewController.swift; sourceTree = "<group>"; };
		851AE9C0238932C2001BE3FB /* RcSwiftUIView.swift */ = {isa = PBXFileReference; lastKnownFileType = sourcecode.swift; path = RcSwiftUIView.swift; sourceTree = "<group>"; };
		851AE9C223893D06001BE3FB /* CardsSwiftUIView.swift */ = {isa = PBXFileReference; lastKnownFileType = sourcecode.swift; path = CardsSwiftUIView.swift; sourceTree = "<group>"; };
		851AE9C42389D4FE001BE3FB /* PrioritySwiftUIView.swift */ = {isa = PBXFileReference; lastKnownFileType = sourcecode.swift; path = PrioritySwiftUIView.swift; sourceTree = "<group>"; };
		851AE9C62389DC7B001BE3FB /* SettingsSwiftUIView.swift */ = {isa = PBXFileReference; lastKnownFileType = sourcecode.swift; path = SettingsSwiftUIView.swift; sourceTree = "<group>"; };
		851AE9C82389DF3B001BE3FB /* DisconnectSwiftUIView.swift */ = {isa = PBXFileReference; lastKnownFileType = sourcecode.swift; path = DisconnectSwiftUIView.swift; sourceTree = "<group>"; };
		851AE9CA2389E388001BE3FB /* VideoReplaysSwiftUIView.swift */ = {isa = PBXFileReference; lastKnownFileType = sourcecode.swift; path = VideoReplaysSwiftUIView.swift; sourceTree = "<group>"; };
		851AE9CC2389E452001BE3FB /* NamesSettingsSwiftUIView.swift */ = {isa = PBXFileReference; lastKnownFileType = sourcecode.swift; path = NamesSettingsSwiftUIView.swift; sourceTree = "<group>"; };
		851AE9CE2389E4F2001BE3FB /* WeaponsSwiftUIView.swift */ = {isa = PBXFileReference; lastKnownFileType = sourcecode.swift; path = WeaponsSwiftUIView.swift; sourceTree = "<group>"; };
		851AE9D02389ECE5001BE3FB /* ScoreSwiftUIView.swift */ = {isa = PBXFileReference; lastKnownFileType = sourcecode.swift; path = ScoreSwiftUIView.swift; sourceTree = "<group>"; };
		85584ADD239C491A006EC133 /* en */ = {isa = PBXFileReference; lastKnownFileType = text.plist.strings; name = en; path = en.lproj/QRConnect.strings; sourceTree = "<group>"; };
		85584ADF239C4944006EC133 /* ru */ = {isa = PBXFileReference; lastKnownFileType = text.plist.strings; name = ru; path = ru.lproj/QRConnect.strings; sourceTree = "<group>"; };
		85584AE2239ED5A2006EC133 /* RcViewModels.swift */ = {isa = PBXFileReference; lastKnownFileType = sourcecode.swift; path = RcViewModels.swift; sourceTree = "<group>"; };
		85A99338230B47A4003FC5BE /* Inspiration.storyboard */ = {isa = PBXFileReference; lastKnownFileType = file.storyboard; path = Inspiration.storyboard; sourceTree = "<group>"; };
		85A9934923109CB7003FC5BE /* RcViewController.swift */ = {isa = PBXFileReference; lastKnownFileType = sourcecode.swift; path = RcViewController.swift; sourceTree = "<group>"; };
		85B661F6239327920016CE4F /* KeyboardGuardianSwiftUI.swift */ = {isa = PBXFileReference; lastKnownFileType = sourcecode.swift; path = KeyboardGuardianSwiftUI.swift; sourceTree = "<group>"; };
		85B661F8239327F10016CE4F /* TestKeabordGuardianSwiftUIView.swift */ = {isa = PBXFileReference; lastKnownFileType = sourcecode.swift; path = TestKeabordGuardianSwiftUIView.swift; sourceTree = "<group>"; };
		85B956F9237A0FA50063E32C /* PointsSwiftUIView.swift */ = {isa = PBXFileReference; lastKnownFileType = sourcecode.swift; path = PointsSwiftUIView.swift; sourceTree = "<group>"; };
		85B956FD237A2CA70063E32C /* HoldPassiveButton.swift */ = {isa = PBXFileReference; lastKnownFileType = sourcecode.swift; path = HoldPassiveButton.swift; sourceTree = "<group>"; };
		85B956FF237A31DF0063E32C /* VideoButton.swift */ = {isa = PBXFileReference; lastKnownFileType = sourcecode.swift; path = VideoButton.swift; sourceTree = "<group>"; };
		85B95701237A363A0063E32C /* PointsStepper.swift */ = {isa = PBXFileReference; lastKnownFileType = sourcecode.swift; path = PointsStepper.swift; sourceTree = "<group>"; };
		85B95703237B608C0063E32C /* FightTabsSelectorsUIView.swift */ = {isa = PBXFileReference; lastKnownFileType = sourcecode.swift; path = FightTabsSelectorsUIView.swift; sourceTree = "<group>"; };
		85B95705237E06C50063E32C /* TimersSwiftUIView.swift */ = {isa = PBXFileReference; lastKnownFileType = sourcecode.swift; path = TimersSwiftUIView.swift; sourceTree = "<group>"; };
		85B95707237E07130063E32C /* FightSectionSwiftUIView.swift */ = {isa = PBXFileReference; lastKnownFileType = sourcecode.swift; path = FightSectionSwiftUIView.swift; sourceTree = "<group>"; };
		85D6E91C2390089E00CBE74D /* SetPeriodButtonSwiftUIView.swift */ = {isa = PBXFileReference; lastKnownFileType = sourcecode.swift; path = SetPeriodButtonSwiftUIView.swift; sourceTree = "<group>"; };
		85D6E91E23900D4900CBE74D /* SetTimeButtonSwiftUIView.swift */ = {isa = PBXFileReference; lastKnownFileType = sourcecode.swift; path = SetTimeButtonSwiftUIView.swift; sourceTree = "<group>"; };
		85D6E9202390716D00CBE74D /* SetPassiveButtonSwiftUIView.swift */ = {isa = PBXFileReference; lastKnownFileType = sourcecode.swift; path = SetPassiveButtonSwiftUIView.swift; sourceTree = "<group>"; };
		85D6E9242393049500CBE74D /* TestTimersSwiftUIView.swift */ = {isa = PBXFileReference; lastKnownFileType = sourcecode.swift; path = TestTimersSwiftUIView.swift; sourceTree = "<group>"; };
		8F07A75223892F4800C7F783 /* en */ = {isa = PBXFileReference; fileEncoding = 4; lastKnownFileType = text.plist.strings; name = en; path = en.lproj/Localizable.strings; sourceTree = "<group>"; };
		8F07A75523892FB000C7F783 /* ru */ = {isa = PBXFileReference; fileEncoding = 4; lastKnownFileType = text.plist.strings; name = ru; path = ru.lproj/Localizable.strings; sourceTree = "<group>"; };
		8F6D773C237D2C530077B65D /* RemoteService.swift */ = {isa = PBXFileReference; lastKnownFileType = sourcecode.swift; path = RemoteService.swift; sourceTree = "<group>"; };
		8FD7CB952392C030003DF83B /* Vibration.swift */ = {isa = PBXFileReference; lastKnownFileType = sourcecode.swift; path = Vibration.swift; sourceTree = "<group>"; };
		8FFBF9E02336BC5E00736BB7 /* Sm02Client */ = {isa = PBXFileReference; lastKnownFileType = folder; path = Sm02Client; sourceTree = "<group>"; };
		8FFBF9E32336CA6F00736BB7 /* RemoteAddress+UrlParsing.swift */ = {isa = PBXFileReference; lastKnownFileType = sourcecode.swift; path = "RemoteAddress+UrlParsing.swift"; sourceTree = "<group>"; };
		B97043C623E099C1003F4F47 /* Published.Publisher+on.swift */ = {isa = PBXFileReference; lastKnownFileType = sourcecode.swift; path = "Published.Publisher+on.swift"; sourceTree = "<group>"; };
		B9C8BEDA2305A2C5004DBBF8 /* Inspiration Point.app */ = {isa = PBXFileReference; explicitFileType = wrapper.application; includeInIndex = 0; path = "Inspiration Point.app"; sourceTree = BUILT_PRODUCTS_DIR; };
		B9C8BEDD2305A2C5004DBBF8 /* AppDelegate.swift */ = {isa = PBXFileReference; lastKnownFileType = sourcecode.swift; path = AppDelegate.swift; sourceTree = "<group>"; };
		B9C8BEDF2305A2C5004DBBF8 /* QrViewController.swift */ = {isa = PBXFileReference; indentWidth = 2; lastKnownFileType = sourcecode.swift; path = QrViewController.swift; sourceTree = "<group>"; tabWidth = 2; };
		B9C8BEE22305A2C6004DBBF8 /* Base */ = {isa = PBXFileReference; lastKnownFileType = file.storyboard; name = Base; path = Base.lproj/QRConnect.storyboard; sourceTree = "<group>"; };
		B9C8BEE42305A2C7004DBBF8 /* Assets.xcassets */ = {isa = PBXFileReference; lastKnownFileType = folder.assetcatalog; path = Assets.xcassets; sourceTree = "<group>"; };
		B9C8BEE72305A2C7004DBBF8 /* Base */ = {isa = PBXFileReference; lastKnownFileType = file.storyboard; name = Base; path = Base.lproj/LaunchScreen.storyboard; sourceTree = "<group>"; };
		B9C8BEEE2305A2C7004DBBF8 /* RemoteControlTests.xctest */ = {isa = PBXFileReference; explicitFileType = wrapper.cfbundle; includeInIndex = 0; path = RemoteControlTests.xctest; sourceTree = BUILT_PRODUCTS_DIR; };
		B9C8BEF22305A2C7004DBBF8 /* RemoteControlTests.swift */ = {isa = PBXFileReference; lastKnownFileType = sourcecode.swift; path = RemoteControlTests.swift; sourceTree = "<group>"; };
		B9C8BEF42305A2C7004DBBF8 /* Info.plist */ = {isa = PBXFileReference; lastKnownFileType = text.plist.xml; path = Info.plist; sourceTree = "<group>"; };
		B9C8BEF92305A2C7004DBBF8 /* RemoteControlUITests.xctest */ = {isa = PBXFileReference; explicitFileType = wrapper.cfbundle; includeInIndex = 0; path = RemoteControlUITests.xctest; sourceTree = BUILT_PRODUCTS_DIR; };
		B9C8BEFD2305A2C7004DBBF8 /* RemoteControlUITests.swift */ = {isa = PBXFileReference; lastKnownFileType = sourcecode.swift; path = RemoteControlUITests.swift; sourceTree = "<group>"; };
		B9C8BEFF2305A2C7004DBBF8 /* Info.plist */ = {isa = PBXFileReference; lastKnownFileType = text.plist.xml; path = Info.plist; sourceTree = "<group>"; };
/* End PBXFileReference section */

/* Begin PBXFrameworksBuildPhase section */
		B9C8BED72305A2C5004DBBF8 /* Frameworks */ = {
			isa = PBXFrameworksBuildPhase;
			buildActionMask = 2147483647;
			files = (
				850AAEAA23271F2A00DBFD93 /* AVFoundation.framework in Frameworks */,
				8FE69D5423398B6200E3B539 /* QRCodeReader in Frameworks */,
				8FFBF9E22336BD4000736BB7 /* Sm02Client in Frameworks */,
			);
			runOnlyForDeploymentPostprocessing = 0;
		};
		B9C8BEEB2305A2C7004DBBF8 /* Frameworks */ = {
			isa = PBXFrameworksBuildPhase;
			buildActionMask = 2147483647;
			files = (
			);
			runOnlyForDeploymentPostprocessing = 0;
		};
		B9C8BEF62305A2C7004DBBF8 /* Frameworks */ = {
			isa = PBXFrameworksBuildPhase;
			buildActionMask = 2147483647;
			files = (
			);
			runOnlyForDeploymentPostprocessing = 0;
		};
/* End PBXFrameworksBuildPhase section */

/* Begin PBXGroup section */
		850AAE6D23270DE500DBFD93 /* Connect */ = {
			isa = PBXGroup;
			children = (
				B9C8BEE12305A2C6004DBBF8 /* QRConnect.storyboard */,
				B9C8BEDF2305A2C5004DBBF8 /* QrViewController.swift */,
				850AAEDD232723F400DBFD93 /* ConnectionsViewController.swift */,
				8FFBF9E32336CA6F00736BB7 /* RemoteAddress+UrlParsing.swift */,
			);
			path = Connect;
			sourceTree = "<group>";
		};
		850AAE7123270F1B00DBFD93 /* Supporting Files */ = {
			isa = PBXGroup;
			children = (
				B9C8BEDD2305A2C5004DBBF8 /* AppDelegate.swift */,
				B9C8BEE62305A2C7004DBBF8 /* LaunchScreen.storyboard */,
				B9C8BEE42305A2C7004DBBF8 /* Assets.xcassets */,
			);
			path = "Supporting Files";
			sourceTree = "<group>";
		};
		850AAE7223270F3300DBFD93 /* UI Helpers */ = {
			isa = PBXGroup;
			children = (
				850143B52382120800B63867 /* SwiftUITools.swift */,
				850AAE5E2322CF7100DBFD93 /* UITools.swift */,
				850AAE602322D78400DBFD93 /* UIGlobals.swift */,
				851AE9B823875B0C001BE3FB /* VerticalSeletorSwiftUIView.swift */,
				851AE9BA23875FA4001BE3FB /* SegmentedPickerElementView.swift */,
				851AE9BC23876424001BE3FB /* DraggableCircle.swift */,
				85D6E9242393049500CBE74D /* TestTimersSwiftUIView.swift */,
				85B661F6239327920016CE4F /* KeyboardGuardianSwiftUI.swift */,
				85B661F8239327F10016CE4F /* TestKeabordGuardianSwiftUIView.swift */,
			);
			path = "UI Helpers";
			sourceTree = "<group>";
		};
		850AAEEC232AFC3A00DBFD93 /* Timers */ = {
			isa = PBXGroup;
			children = (
				85B95705237E06C50063E32C /* TimersSwiftUIView.swift */,
				851AE9B223874353001BE3FB /* ResetBoutUIView.swift */,
				851AE9B623874465001BE3FB /* PauseSettersSwiftUIView.swift */,
				85D6E91E23900D4900CBE74D /* SetTimeButtonSwiftUIView.swift */,
				85D6E9202390716D00CBE74D /* SetPassiveButtonSwiftUIView.swift */,
				85D6E91C2390089E00CBE74D /* SetPeriodButtonSwiftUIView.swift */,
			);
			path = Timers;
			sourceTree = "<group>";
		};
		850AAEED232AFC4200DBFD93 /* Points */ = {
			isa = PBXGroup;
			children = (
				85B956F9237A0FA50063E32C /* PointsSwiftUIView.swift */,
				85B956FD237A2CA70063E32C /* HoldPassiveButton.swift */,
				85B956FF237A31DF0063E32C /* VideoButton.swift */,
				85B95701237A363A0063E32C /* PointsStepper.swift */,
			);
			path = Points;
			sourceTree = "<group>";
		};
		85A9933A230B4C40003FC5BE /* Insp */ = {
			isa = PBXGroup;
			children = (
				851AE9B423874393001BE3FB /* CommonComponentsSwiftUIView.swift */,
				85A9934723109C96003FC5BE /* Settings */,
				85A9934623109C89003FC5BE /* Penalties */,
				85A9934523109C7D003FC5BE /* Fight */,
				85A99338230B47A4003FC5BE /* Inspiration.storyboard */,
				85A9934923109CB7003FC5BE /* RcViewController.swift */,
				851AE9C0238932C2001BE3FB /* RcSwiftUIView.swift */,
				85584AE2239ED5A2006EC133 /* RcViewModels.swift */,
			);
			path = Insp;
			sourceTree = "<group>";
		};
		85A9934523109C7D003FC5BE /* Fight */ = {
			isa = PBXGroup;
			children = (
				850AAEED232AFC4200DBFD93 /* Points */,
				850AAEEC232AFC3A00DBFD93 /* Timers */,
				85B95703237B608C0063E32C /* FightTabsSelectorsUIView.swift */,
				85B95707237E07130063E32C /* FightSectionSwiftUIView.swift */,
			);
			path = Fight;
			sourceTree = "<group>";
		};
		85A9934623109C89003FC5BE /* Penalties */ = {
			isa = PBXGroup;
			children = (
				851AE9C223893D06001BE3FB /* CardsSwiftUIView.swift */,
			);
			path = Penalties;
			sourceTree = "<group>";
		};
		85A9934723109C96003FC5BE /* Settings */ = {
			isa = PBXGroup;
			children = (
				851AE9C62389DC7B001BE3FB /* SettingsSwiftUIView.swift */,
				851AE9C42389D4FE001BE3FB /* PrioritySwiftUIView.swift */,
				851AE9C82389DF3B001BE3FB /* DisconnectSwiftUIView.swift */,
				851AE9CA2389E388001BE3FB /* VideoReplaysSwiftUIView.swift */,
				851AE9CC2389E452001BE3FB /* NamesSettingsSwiftUIView.swift */,
				851AE9CE2389E4F2001BE3FB /* WeaponsSwiftUIView.swift */,
				851AE9D02389ECE5001BE3FB /* ScoreSwiftUIView.swift */,
			);
			path = Settings;
			sourceTree = "<group>";
		};
		B9AD54EB2305B94700F97E4B /* Frameworks */ = {
			isa = PBXGroup;
			children = (
				850AAEB223271FDE00DBFD93 /* CNIOAtomics.framework */,
				850AAEB123271FDE00DBFD93 /* NIOTestUtils.framework */,
				850AAEB023271FDE00DBFD93 /* NIO.framework */,
				850AAEAB23271FDE00DBFD93 /* CNIODarwin.framework */,
				850AAEAC23271FDE00DBFD93 /* NIOExtras.framework */,
				850AAEB323271FDF00DBFD93 /* CNIOLinux.framework */,
				850AAEAF23271FDE00DBFD93 /* CNIOSHA1.framework */,
				850AAEB423271FDF00DBFD93 /* NIOConcurrencyHelpers.framework */,
				850AAEA923271F2A00DBFD93 /* AVFoundation.framework */,
			);
			name = Frameworks;
			sourceTree = "<group>";
		};
		B9C8BED12305A2C5004DBBF8 = {
			isa = PBXGroup;
			children = (
				8F07A75323892F4800C7F783 /* Localizable.strings */,
				851AE9B02385F56B001BE3FB /* SwiftUITools.swift */,
				8FFBF9E02336BC5E00736BB7 /* Sm02Client */,
				B9C8BEDC2305A2C5004DBBF8 /* RemoteControl */,
				B9C8BEF12305A2C7004DBBF8 /* RemoteControlTests */,
				B9C8BEFC2305A2C7004DBBF8 /* RemoteControlUITests */,
				B9C8BEDB2305A2C5004DBBF8 /* Products */,
				B9AD54EB2305B94700F97E4B /* Frameworks */,
			);
			sourceTree = "<group>";
		};
		B9C8BEDB2305A2C5004DBBF8 /* Products */ = {
			isa = PBXGroup;
			children = (
				B9C8BEDA2305A2C5004DBBF8 /* Inspiration Point.app */,
				B9C8BEEE2305A2C7004DBBF8 /* RemoteControlTests.xctest */,
				B9C8BEF92305A2C7004DBBF8 /* RemoteControlUITests.xctest */,
			);
			name = Products;
			sourceTree = "<group>";
		};
		B9C8BEDC2305A2C5004DBBF8 /* RemoteControl */ = {
			isa = PBXGroup;
			children = (
				850AAE802327194800DBFD93 /* Info.plist */,
				850AAE7223270F3300DBFD93 /* UI Helpers */,
				850AAE7123270F1B00DBFD93 /* Supporting Files */,
				850AAE6D23270DE500DBFD93 /* Connect */,
				85A9933A230B4C40003FC5BE /* Insp */,
				8F6D773C237D2C530077B65D /* RemoteService.swift */,
				851AE9BE23892D71001BE3FB /* CommonViewController.swift */,
				8FD7CB952392C030003DF83B /* Vibration.swift */,
				B97043C623E099C1003F4F47 /* Published.Publisher+on.swift */,
			);
			path = RemoteControl;
			sourceTree = "<group>";
		};
		B9C8BEF12305A2C7004DBBF8 /* RemoteControlTests */ = {
			isa = PBXGroup;
			children = (
				B9C8BEF22305A2C7004DBBF8 /* RemoteControlTests.swift */,
				B9C8BEF42305A2C7004DBBF8 /* Info.plist */,
			);
			path = RemoteControlTests;
			sourceTree = "<group>";
		};
		B9C8BEFC2305A2C7004DBBF8 /* RemoteControlUITests */ = {
			isa = PBXGroup;
			children = (
				B9C8BEFD2305A2C7004DBBF8 /* RemoteControlUITests.swift */,
				B9C8BEFF2305A2C7004DBBF8 /* Info.plist */,
			);
			path = RemoteControlUITests;
			sourceTree = "<group>";
		};
/* End PBXGroup section */

/* Begin PBXNativeTarget section */
		B9C8BED92305A2C5004DBBF8 /* RemoteControl */ = {
			isa = PBXNativeTarget;
			buildConfigurationList = B9C8BF022305A2C7004DBBF8 /* Build configuration list for PBXNativeTarget "RemoteControl" */;
			buildPhases = (
				B9C8BED62305A2C5004DBBF8 /* Sources */,
				B9C8BED72305A2C5004DBBF8 /* Frameworks */,
				B9C8BED82305A2C5004DBBF8 /* Resources */,
			);
			buildRules = (
			);
			dependencies = (
			);
			name = RemoteControl;
			packageProductDependencies = (
				8FFBF9E12336BD4000736BB7 /* Sm02Client */,
				8FE69D5323398B6200E3B539 /* QRCodeReader */,
			);
			productName = RemoteControl;
			productReference = B9C8BEDA2305A2C5004DBBF8 /* Inspiration Point.app */;
			productType = "com.apple.product-type.application";
		};
		B9C8BEED2305A2C7004DBBF8 /* RemoteControlTests */ = {
			isa = PBXNativeTarget;
			buildConfigurationList = B9C8BF052305A2C7004DBBF8 /* Build configuration list for PBXNativeTarget "RemoteControlTests" */;
			buildPhases = (
				B9C8BEEA2305A2C7004DBBF8 /* Sources */,
				B9C8BEEB2305A2C7004DBBF8 /* Frameworks */,
				B9C8BEEC2305A2C7004DBBF8 /* Resources */,
			);
			buildRules = (
			);
			dependencies = (
				B9C8BEF02305A2C7004DBBF8 /* PBXTargetDependency */,
			);
			name = RemoteControlTests;
			productName = RemoteControlTests;
			productReference = B9C8BEEE2305A2C7004DBBF8 /* RemoteControlTests.xctest */;
			productType = "com.apple.product-type.bundle.unit-test";
		};
		B9C8BEF82305A2C7004DBBF8 /* RemoteControlUITests */ = {
			isa = PBXNativeTarget;
			buildConfigurationList = B9C8BF082305A2C7004DBBF8 /* Build configuration list for PBXNativeTarget "RemoteControlUITests" */;
			buildPhases = (
				B9C8BEF52305A2C7004DBBF8 /* Sources */,
				B9C8BEF62305A2C7004DBBF8 /* Frameworks */,
				B9C8BEF72305A2C7004DBBF8 /* Resources */,
			);
			buildRules = (
			);
			dependencies = (
				B9C8BEFB2305A2C7004DBBF8 /* PBXTargetDependency */,
			);
			name = RemoteControlUITests;
			productName = RemoteControlUITests;
			productReference = B9C8BEF92305A2C7004DBBF8 /* RemoteControlUITests.xctest */;
			productType = "com.apple.product-type.bundle.ui-testing";
		};
/* End PBXNativeTarget section */

/* Begin PBXProject section */
		B9C8BED22305A2C5004DBBF8 /* Project object */ = {
			isa = PBXProject;
			attributes = {
				LastSwiftUpdateCheck = 1030;
				LastUpgradeCheck = 1120;
				ORGANIZATIONNAME = "Sergei Andreev";
				TargetAttributes = {
					B9C8BED92305A2C5004DBBF8 = {
						CreatedOnToolsVersion = 10.3;
					};
					B9C8BEED2305A2C7004DBBF8 = {
						CreatedOnToolsVersion = 10.3;
						TestTargetID = B9C8BED92305A2C5004DBBF8;
					};
					B9C8BEF82305A2C7004DBBF8 = {
						CreatedOnToolsVersion = 10.3;
						TestTargetID = B9C8BED92305A2C5004DBBF8;
					};
				};
			};
			buildConfigurationList = B9C8BED52305A2C5004DBBF8 /* Build configuration list for PBXProject "RemoteControl" */;
			compatibilityVersion = "Xcode 9.3";
			developmentRegion = en;
			hasScannedForEncodings = 0;
			knownRegions = (
				en,
				Base,
				ru,
			);
			mainGroup = B9C8BED12305A2C5004DBBF8;
			packageReferences = (
				8FE69D5223398B6200E3B539 /* XCRemoteSwiftPackageReference "QRCodeReader.swift" */,
			);
			productRefGroup = B9C8BEDB2305A2C5004DBBF8 /* Products */;
			projectDirPath = "";
			projectRoot = "";
			targets = (
				B9C8BED92305A2C5004DBBF8 /* RemoteControl */,
				B9C8BEED2305A2C7004DBBF8 /* RemoteControlTests */,
				B9C8BEF82305A2C7004DBBF8 /* RemoteControlUITests */,
			);
		};
/* End PBXProject section */

/* Begin PBXResourcesBuildPhase section */
		B9C8BED82305A2C5004DBBF8 /* Resources */ = {
			isa = PBXResourcesBuildPhase;
			buildActionMask = 2147483647;
			files = (
				8F07A75123892F4800C7F783 /* Localizable.strings in Resources */,
				B9C8BEE82305A2C7004DBBF8 /* LaunchScreen.storyboard in Resources */,
				85A99339230B47A4003FC5BE /* Inspiration.storyboard in Resources */,
				B9C8BEE52305A2C7004DBBF8 /* Assets.xcassets in Resources */,
				B9C8BEE32305A2C6004DBBF8 /* QRConnect.storyboard in Resources */,
			);
			runOnlyForDeploymentPostprocessing = 0;
		};
		B9C8BEEC2305A2C7004DBBF8 /* Resources */ = {
			isa = PBXResourcesBuildPhase;
			buildActionMask = 2147483647;
			files = (
			);
			runOnlyForDeploymentPostprocessing = 0;
		};
		B9C8BEF72305A2C7004DBBF8 /* Resources */ = {
			isa = PBXResourcesBuildPhase;
			buildActionMask = 2147483647;
			files = (
			);
			runOnlyForDeploymentPostprocessing = 0;
		};
/* End PBXResourcesBuildPhase section */

/* Begin PBXSourcesBuildPhase section */
		B9C8BED62305A2C5004DBBF8 /* Sources */ = {
			isa = PBXSourcesBuildPhase;
			buildActionMask = 2147483647;
			files = (
				85D6E91D2390089E00CBE74D /* SetPeriodButtonSwiftUIView.swift in Sources */,
				850AAEDE232723F400DBFD93 /* ConnectionsViewController.swift in Sources */,
				851AE9BD23876424001BE3FB /* DraggableCircle.swift in Sources */,
				B9C8BEE02305A2C5004DBBF8 /* QrViewController.swift in Sources */,
				851AE9C72389DC7B001BE3FB /* SettingsSwiftUIView.swift in Sources */,
				851AE9CD2389E452001BE3FB /* NamesSettingsSwiftUIView.swift in Sources */,
				85B95702237A363A0063E32C /* PointsStepper.swift in Sources */,
				851AE9B523874393001BE3FB /* CommonComponentsSwiftUIView.swift in Sources */,
				851AE9C92389DF3B001BE3FB /* DisconnectSwiftUIView.swift in Sources */,
				B97043C723E099C1003F4F47 /* Published.Publisher+on.swift in Sources */,
				851AE9CB2389E388001BE3FB /* VideoReplaysSwiftUIView.swift in Sources */,
				B9C8BEDE2305A2C5004DBBF8 /* AppDelegate.swift in Sources */,
				851AE9B723874465001BE3FB /* PauseSettersSwiftUIView.swift in Sources */,
				85B956FA237A0FA50063E32C /* PointsSwiftUIView.swift in Sources */,
				85B95700237A31DF0063E32C /* VideoButton.swift in Sources */,
				85B95708237E07130063E32C /* FightSectionSwiftUIView.swift in Sources */,
				85B95706237E06C50063E32C /* TimersSwiftUIView.swift in Sources */,
				8FFBF9E42336CA6F00736BB7 /* RemoteAddress+UrlParsing.swift in Sources */,
				851AE9B923875B0C001BE3FB /* VerticalSeletorSwiftUIView.swift in Sources */,
				851AE9D12389ECE5001BE3FB /* ScoreSwiftUIView.swift in Sources */,
				851AE9C1238932C2001BE3FB /* RcSwiftUIView.swift in Sources */,
				851AE9BB23875FA4001BE3FB /* SegmentedPickerElementView.swift in Sources */,
				85B661F7239327920016CE4F /* KeyboardGuardianSwiftUI.swift in Sources */,
				851AE9B323874353001BE3FB /* ResetBoutUIView.swift in Sources */,
				850AAE5F2322CF7100DBFD93 /* UITools.swift in Sources */,
				851AE9B12385F56B001BE3FB /* SwiftUITools.swift in Sources */,
				850AAE612322D78400DBFD93 /* UIGlobals.swift in Sources */,
				851AE9C323893D06001BE3FB /* CardsSwiftUIView.swift in Sources */,
				85D6E91F23900D4900CBE74D /* SetTimeButtonSwiftUIView.swift in Sources */,
				851AE9CF2389E4F2001BE3FB /* WeaponsSwiftUIView.swift in Sources */,
				85B661F9239327F10016CE4F /* TestKeabordGuardianSwiftUIView.swift in Sources */,
				8F6D773D237D2C530077B65D /* RemoteService.swift in Sources */,
				851AE9C52389D4FE001BE3FB /* PrioritySwiftUIView.swift in Sources */,
				8FD7CB962392C030003DF83B /* Vibration.swift in Sources */,
				85B956FE237A2CA70063E32C /* HoldPassiveButton.swift in Sources */,
				85B95704237B608C0063E32C /* FightTabsSelectorsUIView.swift in Sources */,
				85D6E9252393049500CBE74D /* TestTimersSwiftUIView.swift in Sources */,
				85584AE3239ED5A2006EC133 /* RcViewModels.swift in Sources */,
				85A9934A23109CB7003FC5BE /* RcViewController.swift in Sources */,
				851AE9BF23892D71001BE3FB /* CommonViewController.swift in Sources */,
				85D6E9212390716D00CBE74D /* SetPassiveButtonSwiftUIView.swift in Sources */,
			);
			runOnlyForDeploymentPostprocessing = 0;
		};
		B9C8BEEA2305A2C7004DBBF8 /* Sources */ = {
			isa = PBXSourcesBuildPhase;
			buildActionMask = 2147483647;
			files = (
				B9C8BEF32305A2C7004DBBF8 /* RemoteControlTests.swift in Sources */,
			);
			runOnlyForDeploymentPostprocessing = 0;
		};
		B9C8BEF52305A2C7004DBBF8 /* Sources */ = {
			isa = PBXSourcesBuildPhase;
			buildActionMask = 2147483647;
			files = (
				B9C8BEFE2305A2C7004DBBF8 /* RemoteControlUITests.swift in Sources */,
			);
			runOnlyForDeploymentPostprocessing = 0;
		};
/* End PBXSourcesBuildPhase section */

/* Begin PBXTargetDependency section */
		B9C8BEF02305A2C7004DBBF8 /* PBXTargetDependency */ = {
			isa = PBXTargetDependency;
			target = B9C8BED92305A2C5004DBBF8 /* RemoteControl */;
			targetProxy = B9C8BEEF2305A2C7004DBBF8 /* PBXContainerItemProxy */;
		};
		B9C8BEFB2305A2C7004DBBF8 /* PBXTargetDependency */ = {
			isa = PBXTargetDependency;
			target = B9C8BED92305A2C5004DBBF8 /* RemoteControl */;
			targetProxy = B9C8BEFA2305A2C7004DBBF8 /* PBXContainerItemProxy */;
		};
/* End PBXTargetDependency section */

/* Begin PBXVariantGroup section */
		850AAE802327194800DBFD93 /* Info.plist */ = {
			isa = PBXVariantGroup;
			children = (
				850AAE7F2327194800DBFD93 /* Base */,
				850AAE812327194D00DBFD93 /* ru */,
			);
			name = Info.plist;
			sourceTree = "<group>";
		};
		8F07A75323892F4800C7F783 /* Localizable.strings */ = {
			isa = PBXVariantGroup;
			children = (
				8F07A75223892F4800C7F783 /* en */,
				8F07A75523892FB000C7F783 /* ru */,
			);
			name = Localizable.strings;
			sourceTree = "<group>";
		};
		B9C8BEE12305A2C6004DBBF8 /* QRConnect.storyboard */ = {
			isa = PBXVariantGroup;
			children = (
				B9C8BEE22305A2C6004DBBF8 /* Base */,
				85584ADD239C491A006EC133 /* en */,
				85584ADF239C4944006EC133 /* ru */,
			);
			name = QRConnect.storyboard;
			sourceTree = "<group>";
		};
		B9C8BEE62305A2C7004DBBF8 /* LaunchScreen.storyboard */ = {
			isa = PBXVariantGroup;
			children = (
				B9C8BEE72305A2C7004DBBF8 /* Base */,
				850AAE6A23270CBC00DBFD93 /* ru */,
				850AAE6C23270DC900DBFD93 /* en */,
			);
			name = LaunchScreen.storyboard;
			sourceTree = "<group>";
		};
/* End PBXVariantGroup section */

/* Begin XCBuildConfiguration section */
		B9C8BF002305A2C7004DBBF8 /* Debug */ = {
			isa = XCBuildConfiguration;
			buildSettings = {
				ALWAYS_SEARCH_USER_PATHS = NO;
				CLANG_ANALYZER_LOCALIZABILITY_NONLOCALIZED = YES;
				CLANG_ANALYZER_NONNULL = YES;
				CLANG_ANALYZER_NUMBER_OBJECT_CONVERSION = YES_AGGRESSIVE;
				CLANG_CXX_LANGUAGE_STANDARD = "gnu++14";
				CLANG_CXX_LIBRARY = "libc++";
				CLANG_ENABLE_MODULES = YES;
				CLANG_ENABLE_OBJC_ARC = YES;
				CLANG_ENABLE_OBJC_WEAK = YES;
				CLANG_WARN_BLOCK_CAPTURE_AUTORELEASING = YES;
				CLANG_WARN_BOOL_CONVERSION = YES;
				CLANG_WARN_COMMA = YES;
				CLANG_WARN_CONSTANT_CONVERSION = YES;
				CLANG_WARN_DEPRECATED_OBJC_IMPLEMENTATIONS = YES;
				CLANG_WARN_DIRECT_OBJC_ISA_USAGE = YES_ERROR;
				CLANG_WARN_DOCUMENTATION_COMMENTS = YES;
				CLANG_WARN_EMPTY_BODY = YES;
				CLANG_WARN_ENUM_CONVERSION = YES;
				CLANG_WARN_INFINITE_RECURSION = YES;
				CLANG_WARN_INT_CONVERSION = YES;
				CLANG_WARN_NON_LITERAL_NULL_CONVERSION = YES;
				CLANG_WARN_OBJC_IMPLICIT_RETAIN_SELF = YES;
				CLANG_WARN_OBJC_LITERAL_CONVERSION = YES;
				CLANG_WARN_OBJC_ROOT_CLASS = YES_ERROR;
				CLANG_WARN_RANGE_LOOP_ANALYSIS = YES;
				CLANG_WARN_STRICT_PROTOTYPES = YES;
				CLANG_WARN_SUSPICIOUS_MOVE = YES;
				CLANG_WARN_UNGUARDED_AVAILABILITY = YES_AGGRESSIVE;
				CLANG_WARN_UNREACHABLE_CODE = YES;
				CLANG_WARN__DUPLICATE_METHOD_MATCH = YES;
				CODE_SIGN_IDENTITY = "iPhone Developer";
				COPY_PHASE_STRIP = NO;
				DEBUG_INFORMATION_FORMAT = dwarf;
				DEVELOPMENT_TEAM = NB936833RX;
				ENABLE_STRICT_OBJC_MSGSEND = YES;
				ENABLE_TESTABILITY = YES;
				FRAMEWORK_SEARCH_PATHS = "";
				GCC_C_LANGUAGE_STANDARD = gnu11;
				GCC_DYNAMIC_NO_PIC = NO;
				GCC_NO_COMMON_BLOCKS = YES;
				GCC_OPTIMIZATION_LEVEL = 0;
				GCC_PREPROCESSOR_DEFINITIONS = (
					"DEBUG=1",
					"$(inherited)",
				);
				GCC_WARN_64_TO_32_BIT_CONVERSION = YES;
				GCC_WARN_ABOUT_RETURN_TYPE = YES_ERROR;
				GCC_WARN_UNDECLARED_SELECTOR = YES;
				GCC_WARN_UNINITIALIZED_AUTOS = YES_AGGRESSIVE;
				GCC_WARN_UNUSED_FUNCTION = YES;
				GCC_WARN_UNUSED_VARIABLE = YES;
				IPHONEOS_DEPLOYMENT_TARGET = 13.2;
				LIBRARY_SEARCH_PATHS = "";
				MTL_ENABLE_DEBUG_INFO = INCLUDE_SOURCE;
				MTL_FAST_MATH = YES;
				ONLY_ACTIVE_ARCH = YES;
				SDKROOT = iphoneos;
				SWIFT_ACTIVE_COMPILATION_CONDITIONS = DEBUG;
				SWIFT_INCLUDE_PATHS = "";
				SWIFT_OPTIMIZATION_LEVEL = "-Onone";
			};
			name = Debug;
		};
		B9C8BF012305A2C7004DBBF8 /* Release */ = {
			isa = XCBuildConfiguration;
			buildSettings = {
				ALWAYS_SEARCH_USER_PATHS = NO;
				CLANG_ANALYZER_LOCALIZABILITY_NONLOCALIZED = YES;
				CLANG_ANALYZER_NONNULL = YES;
				CLANG_ANALYZER_NUMBER_OBJECT_CONVERSION = YES_AGGRESSIVE;
				CLANG_CXX_LANGUAGE_STANDARD = "gnu++14";
				CLANG_CXX_LIBRARY = "libc++";
				CLANG_ENABLE_MODULES = YES;
				CLANG_ENABLE_OBJC_ARC = YES;
				CLANG_ENABLE_OBJC_WEAK = YES;
				CLANG_WARN_BLOCK_CAPTURE_AUTORELEASING = YES;
				CLANG_WARN_BOOL_CONVERSION = YES;
				CLANG_WARN_COMMA = YES;
				CLANG_WARN_CONSTANT_CONVERSION = YES;
				CLANG_WARN_DEPRECATED_OBJC_IMPLEMENTATIONS = YES;
				CLANG_WARN_DIRECT_OBJC_ISA_USAGE = YES_ERROR;
				CLANG_WARN_DOCUMENTATION_COMMENTS = YES;
				CLANG_WARN_EMPTY_BODY = YES;
				CLANG_WARN_ENUM_CONVERSION = YES;
				CLANG_WARN_INFINITE_RECURSION = YES;
				CLANG_WARN_INT_CONVERSION = YES;
				CLANG_WARN_NON_LITERAL_NULL_CONVERSION = YES;
				CLANG_WARN_OBJC_IMPLICIT_RETAIN_SELF = YES;
				CLANG_WARN_OBJC_LITERAL_CONVERSION = YES;
				CLANG_WARN_OBJC_ROOT_CLASS = YES_ERROR;
				CLANG_WARN_RANGE_LOOP_ANALYSIS = YES;
				CLANG_WARN_STRICT_PROTOTYPES = YES;
				CLANG_WARN_SUSPICIOUS_MOVE = YES;
				CLANG_WARN_UNGUARDED_AVAILABILITY = YES_AGGRESSIVE;
				CLANG_WARN_UNREACHABLE_CODE = YES;
				CLANG_WARN__DUPLICATE_METHOD_MATCH = YES;
				CODE_SIGN_IDENTITY = "iPhone Developer";
				COPY_PHASE_STRIP = NO;
				DEBUG_INFORMATION_FORMAT = "dwarf-with-dsym";
				DEVELOPMENT_TEAM = NB936833RX;
				ENABLE_NS_ASSERTIONS = NO;
				ENABLE_STRICT_OBJC_MSGSEND = YES;
				FRAMEWORK_SEARCH_PATHS = "";
				GCC_C_LANGUAGE_STANDARD = gnu11;
				GCC_NO_COMMON_BLOCKS = YES;
				GCC_WARN_64_TO_32_BIT_CONVERSION = YES;
				GCC_WARN_ABOUT_RETURN_TYPE = YES_ERROR;
				GCC_WARN_UNDECLARED_SELECTOR = YES;
				GCC_WARN_UNINITIALIZED_AUTOS = YES_AGGRESSIVE;
				GCC_WARN_UNUSED_FUNCTION = YES;
				GCC_WARN_UNUSED_VARIABLE = YES;
				IPHONEOS_DEPLOYMENT_TARGET = 13.2;
				LIBRARY_SEARCH_PATHS = "";
				MTL_ENABLE_DEBUG_INFO = NO;
				MTL_FAST_MATH = YES;
				SDKROOT = iphoneos;
				SWIFT_COMPILATION_MODE = wholemodule;
				SWIFT_INCLUDE_PATHS = "";
				SWIFT_OPTIMIZATION_LEVEL = "-O";
				VALIDATE_PRODUCT = YES;
			};
			name = Release;
		};
		B9C8BF032305A2C7004DBBF8 /* Debug */ = {
			isa = XCBuildConfiguration;
			buildSettings = {
				ASSETCATALOG_COMPILER_APPICON_NAME = AppIcon;
				BUILD_LIBRARY_FOR_DISTRIBUTION = YES;
				CODE_SIGN_IDENTITY = "iPhone Developer";
				CODE_SIGN_STYLE = Automatic;
				CURRENT_PROJECT_VERSION = 1;
				DEAD_CODE_STRIPPING = NO;
				DEVELOPMENT_TEAM = NB936833RX;
				FRAMEWORK_SEARCH_PATHS = "";
				INFOPLIST_FILE = RemoteControl/Base.lproj/Info.plist;
				IPHONEOS_DEPLOYMENT_TARGET = 13.0;
				LD_RUNPATH_SEARCH_PATHS = (
					"$(inherited)",
					"@executable_path/Frameworks",
				);
				LIBRARY_SEARCH_PATHS = "";
				MARKETING_VERSION = 1.0.26;
				PRODUCT_BUNDLE_IDENTIFIER = com.inspirationApp.RemoteControl;
				PRODUCT_NAME = "Inspiration Point";
				PROVISIONING_PROFILE_SPECIFIER = "";
				SWIFT_INCLUDE_PATHS = "";
				SWIFT_VERSION = 5.0;
				TARGETED_DEVICE_FAMILY = 1;
			};
			name = Debug;
		};
		B9C8BF042305A2C7004DBBF8 /* Release */ = {
			isa = XCBuildConfiguration;
			buildSettings = {
				ASSETCATALOG_COMPILER_APPICON_NAME = AppIcon;
				BUILD_LIBRARY_FOR_DISTRIBUTION = YES;
				CODE_SIGN_IDENTITY = "iPhone Developer";
				CODE_SIGN_STYLE = Automatic;
				CURRENT_PROJECT_VERSION = 1;
				DEAD_CODE_STRIPPING = NO;
				DEVELOPMENT_TEAM = NB936833RX;
				FRAMEWORK_SEARCH_PATHS = "";
				INFOPLIST_FILE = RemoteControl/Base.lproj/Info.plist;
				IPHONEOS_DEPLOYMENT_TARGET = 13.0;
				LD_RUNPATH_SEARCH_PATHS = (
					"$(inherited)",
					"@executable_path/Frameworks",
				);
				LIBRARY_SEARCH_PATHS = "";
				MARKETING_VERSION = 1.0.26;
				PRODUCT_BUNDLE_IDENTIFIER = com.inspirationApp.RemoteControl;
				PRODUCT_NAME = "Inspiration Point";
				PROVISIONING_PROFILE_SPECIFIER = "";
				SWIFT_INCLUDE_PATHS = "";
				SWIFT_VERSION = 5.0;
				TARGETED_DEVICE_FAMILY = 1;
			};
			name = Release;
		};
		B9C8BF062305A2C7004DBBF8 /* Debug */ = {
			isa = XCBuildConfiguration;
			buildSettings = {
				ALWAYS_EMBED_SWIFT_STANDARD_LIBRARIES = YES;
				BUNDLE_LOADER = "$(TEST_HOST)";
				CODE_SIGN_STYLE = Automatic;
				DEVELOPMENT_TEAM = 8BU6982BUJ;
				INFOPLIST_FILE = RemoteControlTests/Info.plist;
				LD_RUNPATH_SEARCH_PATHS = (
					"$(inherited)",
					"@executable_path/Frameworks",
					"@loader_path/Frameworks",
				);
				PRODUCT_BUNDLE_IDENTIFIER = com.xxlabaza.RemoteControlTests;
				PRODUCT_NAME = "$(TARGET_NAME)";
				SWIFT_VERSION = 5.0;
				TARGETED_DEVICE_FAMILY = 1;
				TEST_HOST = "$(BUILT_PRODUCTS_DIR)/RemoteControl.app/RemoteControl";
			};
			name = Debug;
		};
		B9C8BF072305A2C7004DBBF8 /* Release */ = {
			isa = XCBuildConfiguration;
			buildSettings = {
				ALWAYS_EMBED_SWIFT_STANDARD_LIBRARIES = YES;
				BUNDLE_LOADER = "$(TEST_HOST)";
				CODE_SIGN_STYLE = Automatic;
				DEVELOPMENT_TEAM = 8BU6982BUJ;
				INFOPLIST_FILE = RemoteControlTests/Info.plist;
				LD_RUNPATH_SEARCH_PATHS = (
					"$(inherited)",
					"@executable_path/Frameworks",
					"@loader_path/Frameworks",
				);
				PRODUCT_BUNDLE_IDENTIFIER = com.xxlabaza.RemoteControlTests;
				PRODUCT_NAME = "$(TARGET_NAME)";
				SWIFT_VERSION = 5.0;
				TARGETED_DEVICE_FAMILY = 1;
				TEST_HOST = "$(BUILT_PRODUCTS_DIR)/RemoteControl.app/RemoteControl";
			};
			name = Release;
		};
		B9C8BF092305A2C7004DBBF8 /* Debug */ = {
			isa = XCBuildConfiguration;
			buildSettings = {
				ALWAYS_EMBED_SWIFT_STANDARD_LIBRARIES = YES;
				CODE_SIGN_STYLE = Automatic;
				DEVELOPMENT_TEAM = 8BU6982BUJ;
				INFOPLIST_FILE = RemoteControlUITests/Info.plist;
				LD_RUNPATH_SEARCH_PATHS = (
					"$(inherited)",
					"@executable_path/Frameworks",
					"@loader_path/Frameworks",
				);
				PRODUCT_BUNDLE_IDENTIFIER = com.xxlabaza.RemoteControlUITests;
				PRODUCT_NAME = "$(TARGET_NAME)";
				SWIFT_VERSION = 5.0;
				TARGETED_DEVICE_FAMILY = 1;
				TEST_TARGET_NAME = RemoteControl;
			};
			name = Debug;
		};
		B9C8BF0A2305A2C7004DBBF8 /* Release */ = {
			isa = XCBuildConfiguration;
			buildSettings = {
				ALWAYS_EMBED_SWIFT_STANDARD_LIBRARIES = YES;
				CODE_SIGN_STYLE = Automatic;
				DEVELOPMENT_TEAM = 8BU6982BUJ;
				INFOPLIST_FILE = RemoteControlUITests/Info.plist;
				LD_RUNPATH_SEARCH_PATHS = (
					"$(inherited)",
					"@executable_path/Frameworks",
					"@loader_path/Frameworks",
				);
				PRODUCT_BUNDLE_IDENTIFIER = com.xxlabaza.RemoteControlUITests;
				PRODUCT_NAME = "$(TARGET_NAME)";
				SWIFT_VERSION = 5.0;
				TARGETED_DEVICE_FAMILY = 1;
				TEST_TARGET_NAME = RemoteControl;
			};
			name = Release;
		};
/* End XCBuildConfiguration section */

/* Begin XCConfigurationList section */
		B9C8BED52305A2C5004DBBF8 /* Build configuration list for PBXProject "RemoteControl" */ = {
			isa = XCConfigurationList;
			buildConfigurations = (
				B9C8BF002305A2C7004DBBF8 /* Debug */,
				B9C8BF012305A2C7004DBBF8 /* Release */,
			);
			defaultConfigurationIsVisible = 0;
			defaultConfigurationName = Release;
		};
		B9C8BF022305A2C7004DBBF8 /* Build configuration list for PBXNativeTarget "RemoteControl" */ = {
			isa = XCConfigurationList;
			buildConfigurations = (
				B9C8BF032305A2C7004DBBF8 /* Debug */,
				B9C8BF042305A2C7004DBBF8 /* Release */,
			);
			defaultConfigurationIsVisible = 0;
			defaultConfigurationName = Release;
		};
		B9C8BF052305A2C7004DBBF8 /* Build configuration list for PBXNativeTarget "RemoteControlTests" */ = {
			isa = XCConfigurationList;
			buildConfigurations = (
				B9C8BF062305A2C7004DBBF8 /* Debug */,
				B9C8BF072305A2C7004DBBF8 /* Release */,
			);
			defaultConfigurationIsVisible = 0;
			defaultConfigurationName = Release;
		};
		B9C8BF082305A2C7004DBBF8 /* Build configuration list for PBXNativeTarget "RemoteControlUITests" */ = {
			isa = XCConfigurationList;
			buildConfigurations = (
				B9C8BF092305A2C7004DBBF8 /* Debug */,
				B9C8BF0A2305A2C7004DBBF8 /* Release */,
			);
			defaultConfigurationIsVisible = 0;
			defaultConfigurationName = Release;
		};
/* End XCConfigurationList section */

/* Begin XCRemoteSwiftPackageReference section */
		8FE69D5223398B6200E3B539 /* XCRemoteSwiftPackageReference "QRCodeReader.swift" */ = {
			isa = XCRemoteSwiftPackageReference;
			repositoryURL = "https://github.com/xxlabaza/QRCodeReader.swift.git";
			requirement = {
				branch = master;
				kind = branch;
			};
		};
/* End XCRemoteSwiftPackageReference section */

/* Begin XCSwiftPackageProductDependency section */
		8FE69D5323398B6200E3B539 /* QRCodeReader */ = {
			isa = XCSwiftPackageProductDependency;
			package = 8FE69D5223398B6200E3B539 /* XCRemoteSwiftPackageReference "QRCodeReader.swift" */;
			productName = QRCodeReader;
		};
		8FFBF9E12336BD4000736BB7 /* Sm02Client */ = {
			isa = XCSwiftPackageProductDependency;
			productName = Sm02Client;
		};
/* End XCSwiftPackageProductDependency section */
	};
	rootObject = B9C8BED22305A2C5004DBBF8 /* Project object */;
}
