{
  "object": {
    "pins": [
      {
        "package": "QRCodeReader",
        "repositoryURL": "https://github.com/xxlabaza/QRCodeReader.swift.git",
        "state": {
          "branch": "master",
          "revision": "fdf03b5013e76b595138ff08bcaea862ca3c0760",
          "version": null
        }
      },
      {
        "package": "swift-nio",
        "repositoryURL": "https://github.com/apple/swift-nio.git",
        "state": {
          "branch": null,
          "revision": "ff01888051cd7efceb1bf8319c1dd3986c4bf6fc",
          "version": "2.10.1"
        }
      },
      {
        "package": "swift-nio-extras",
        "repositoryURL": "https://github.com/apple/swift-nio-extras.git",
        "state": {
          "branch": null,
          "revision": "53808818c2015c45247cad74dc05c7a032c96a2f",
          "version": "1.3.2"
        }
      }
    ]
  },
  "version": 1
}
