{
  "object": {
    "pins": [
      {
        "package": "QRCodeReader",
        "repositoryURL": "https://github.com/xxlabaza/QRCodeReader.swift.git",
        "state": {
          "branch": "master",
          "revision": "fdf03b5013e76b595138ff08bcaea862ca3c0760",
          "version": null
        }
      },
      {
        "package": "swift-nio",
        "repositoryURL": "https://github.com/apple/swift-nio.git",
        "state": {
          "branch": null,
          "revision": "5fc24345f92ec4c274121776c215ab0aa1ed4d50",
          "version": "2.22.0"
        }
      },
      {
        "package": "swift-nio-extras",
        "repositoryURL": "https://github.com/apple/swift-nio-extras.git",
        "state": {
          "branch": null,
          "revision": "e5b5d191a80667a14827bfeb0ae4a511f7677942",
          "version": "1.7.0"
        }
      }
    ]
  },
  "version": 1
}
