{
  "object": {
    "pins": [
      {
        "package": "swift-nio",
        "repositoryURL": "https://github.com/apple/swift-nio.git",
        "state": {
          "branch": null,
          "revision": "9201908b54578aa33f1d1826a5a680aca8991843",
          "version": "2.8.0"
        }
      },
      {
        "package": "swift-nio-extras",
        "repositoryURL": "https://github.com/apple/swift-nio-extras.git",
        "state": {
          "branch": null,
          "revision": "66f9a509ed3cc56b6eb367515e421beca4a0af53",
          "version": "1.2.0"
        }
      }
    ]
  },
  "version": 1
}
